// !$*UTF8*$!
{
	archiveVersion = 1;
	classes = {
	};
	objectVersion = 55;
	objects = {

/* Begin PBXBuildFile section */
		74C5D1C62787F66600B233A6 /* iosAppMerchantApp.swift in Sources */ = {isa = PBXBuildFile; fileRef = 74C5D1C52787F66600B233A6 /* iosAppMerchantApp.swift */; };
		74C5D1C82787F66600B233A6 /* ContentView.swift in Sources */ = {isa = PBXBuildFile; fileRef = 74C5D1C72787F66600B233A6 /* ContentView.swift */; };
		74C5D1CA2787F66800B233A6 /* Assets.xcassets in Resources */ = {isa = PBXBuildFile; fileRef = 74C5D1C92787F66800B233A6 /* Assets.xcassets */; };
		74C5D1CD2787F66800B233A6 /* Preview Assets.xcassets in Resources */ = {isa = PBXBuildFile; fileRef = 74C5D1CC2787F66800B233A6 /* Preview Assets.xcassets */; };
		74C5D1CF2787F66800B233A6 /* Persistence.swift in Sources */ = {isa = PBXBuildFile; fileRef = 74C5D1CE2787F66800B233A6 /* Persistence.swift */; };
		74C5D1D22787F66800B233A6 /* iosAppMerchant.xcdatamodeld in Sources */ = {isa = PBXBuildFile; fileRef = 74C5D1D02787F66800B233A6 /* iosAppMerchant.xcdatamodeld */; };
		74C5D1DC2787F66800B233A6 /* iosAppMerchantTests.swift in Sources */ = {isa = PBXBuildFile; fileRef = 74C5D1DB2787F66800B233A6 /* iosAppMerchantTests.swift */; };
		74C5D1E62787F66800B233A6 /* iosAppMerchantUITests.swift in Sources */ = {isa = PBXBuildFile; fileRef = 74C5D1E52787F66800B233A6 /* iosAppMerchantUITests.swift */; };
		74C5D1E82787F66800B233A6 /* iosAppMerchantUITestsLaunchTests.swift in Sources */ = {isa = PBXBuildFile; fileRef = 74C5D1E72787F66800B233A6 /* iosAppMerchantUITestsLaunchTests.swift */; };
/* End PBXBuildFile section */

/* Begin PBXContainerItemProxy section */
		74C5D1D82787F66800B233A6 /* PBXContainerItemProxy */ = {
			isa = PBXContainerItemProxy;
			containerPortal = 74C5D1BA2787F66500B233A6 /* Project object */;
			proxyType = 1;
			remoteGlobalIDString = 74C5D1C12787F66500B233A6;
			remoteInfo = iosAppMerchant;
		};
		74C5D1E22787F66800B233A6 /* PBXContainerItemProxy */ = {
			isa = PBXContainerItemProxy;
			containerPortal = 74C5D1BA2787F66500B233A6 /* Project object */;
			proxyType = 1;
			remoteGlobalIDString = 74C5D1C12787F66500B233A6;
			remoteInfo = iosAppMerchant;
		};
/* End PBXContainerItemProxy section */

/* Begin PBXFileReference section */
		74C5D1C22787F66500B233A6 /* iosAppMerchant.app */ = {isa = PBXFileReference; explicitFileType = wrapper.application; includeInIndex = 0; path = iosAppMerchant.app; sourceTree = BUILT_PRODUCTS_DIR; };
		74C5D1C52787F66600B233A6 /* iosAppMerchantApp.swift */ = {isa = PBXFileReference; lastKnownFileType = sourcecode.swift; path = iosAppMerchantApp.swift; sourceTree = "<group>"; };
		74C5D1C72787F66600B233A6 /* ContentView.swift */ = {isa = PBXFileReference; lastKnownFileType = sourcecode.swift; path = ContentView.swift; sourceTree = "<group>"; };
		74C5D1C92787F66800B233A6 /* Assets.xcassets */ = {isa = PBXFileReference; lastKnownFileType = folder.assetcatalog; path = Assets.xcassets; sourceTree = "<group>"; };
		74C5D1CC2787F66800B233A6 /* Preview Assets.xcassets */ = {isa = PBXFileReference; lastKnownFileType = folder.assetcatalog; path = "Preview Assets.xcassets"; sourceTree = "<group>"; };
		74C5D1CE2787F66800B233A6 /* Persistence.swift */ = {isa = PBXFileReference; lastKnownFileType = sourcecode.swift; path = Persistence.swift; sourceTree = "<group>"; };
		74C5D1D12787F66800B233A6 /* iosAppMerchant.xcdatamodel */ = {isa = PBXFileReference; lastKnownFileType = wrapper.xcdatamodel; path = iosAppMerchant.xcdatamodel; sourceTree = "<group>"; };
		74C5D1D72787F66800B233A6 /* iosAppMerchantTests.xctest */ = {isa = PBXFileReference; explicitFileType = wrapper.cfbundle; includeInIndex = 0; path = iosAppMerchantTests.xctest; sourceTree = BUILT_PRODUCTS_DIR; };
		74C5D1DB2787F66800B233A6 /* iosAppMerchantTests.swift */ = {isa = PBXFileReference; lastKnownFileType = sourcecode.swift; path = iosAppMerchantTests.swift; sourceTree = "<group>"; };
		74C5D1E12787F66800B233A6 /* iosAppMerchantUITests.xctest */ = {isa = PBXFileReference; explicitFileType = wrapper.cfbundle; includeInIndex = 0; path = iosAppMerchantUITests.xctest; sourceTree = BUILT_PRODUCTS_DIR; };
		74C5D1E52787F66800B233A6 /* iosAppMerchantUITests.swift */ = {isa = PBXFileReference; lastKnownFileType = sourcecode.swift; path = iosAppMerchantUITests.swift; sourceTree = "<group>"; };
		74C5D1E72787F66800B233A6 /* iosAppMerchantUITestsLaunchTests.swift */ = {isa = PBXFileReference; lastKnownFileType = sourcecode.swift; path = iosAppMerchantUITestsLaunchTests.swift; sourceTree = "<group>"; };
/* End PBXFileReference section */

/* Begin PBXFrameworksBuildPhase section */
		74C5D1BF2787F66500B233A6 /* Frameworks */ = {
			isa = PBXFrameworksBuildPhase;
			buildActionMask = 2147483647;
			files = (
			);
			runOnlyForDeploymentPostprocessing = 0;
		};
		74C5D1D42787F66800B233A6 /* Frameworks */ = {
			isa = PBXFrameworksBuildPhase;
			buildActionMask = 2147483647;
			files = (
			);
			runOnlyForDeploymentPostprocessing = 0;
		};
		74C5D1DE2787F66800B233A6 /* Frameworks */ = {
			isa = PBXFrameworksBuildPhase;
			buildActionMask = 2147483647;
			files = (
			);
			runOnlyForDeploymentPostprocessing = 0;
		};
/* End PBXFrameworksBuildPhase section */

/* Begin PBXGroup section */
		74C5D1B92787F66500B233A6 = {
			isa = PBXGroup;
			children = (
				74C5D1C42787F66500B233A6 /* iosAppMerchant */,
				74C5D1DA2787F66800B233A6 /* iosAppMerchantTests */,
				74C5D1E42787F66800B233A6 /* iosAppMerchantUITests */,
				74C5D1C32787F66500B233A6 /* Products */,
			);
			sourceTree = "<group>";
		};
		74C5D1C32787F66500B233A6 /* Products */ = {
			isa = PBXGroup;
			children = (
				74C5D1C22787F66500B233A6 /* iosAppMerchant.app */,
				74C5D1D72787F66800B233A6 /* iosAppMerchantTests.xctest */,
				74C5D1E12787F66800B233A6 /* iosAppMerchantUITests.xctest */,
			);
			name = Products;
			sourceTree = "<group>";
		};
		74C5D1C42787F66500B233A6 /* iosAppMerchant */ = {
			isa = PBXGroup;
			children = (
				74C5D1C52787F66600B233A6 /* iosAppMerchantApp.swift */,
				74C5D1C72787F66600B233A6 /* ContentView.swift */,
				74C5D1C92787F66800B233A6 /* Assets.xcassets */,
				74C5D1CE2787F66800B233A6 /* Persistence.swift */,
				74C5D1D02787F66800B233A6 /* iosAppMerchant.xcdatamodeld */,
				74C5D1CB2787F66800B233A6 /* Preview Content */,
			);
			path = iosAppMerchant;
			sourceTree = "<group>";
		};
		74C5D1CB2787F66800B233A6 /* Preview Content */ = {
			isa = PBXGroup;
			children = (
				74C5D1CC2787F66800B233A6 /* Preview Assets.xcassets */,
			);
			path = "Preview Content";
			sourceTree = "<group>";
		};
		74C5D1DA2787F66800B233A6 /* iosAppMerchantTests */ = {
			isa = PBXGroup;
			children = (
				74C5D1DB2787F66800B233A6 /* iosAppMerchantTests.swift */,
			);
			path = iosAppMerchantTests;
			sourceTree = "<group>";
		};
		74C5D1E42787F66800B233A6 /* iosAppMerchantUITests */ = {
			isa = PBXGroup;
			children = (
				74C5D1E52787F66800B233A6 /* iosAppMerchantUITests.swift */,
				74C5D1E72787F66800B233A6 /* iosAppMerchantUITestsLaunchTests.swift */,
			);
			path = iosAppMerchantUITests;
			sourceTree = "<group>";
		};
/* End PBXGroup section */

/* Begin PBXNativeTarget section */
		74C5D1C12787F66500B233A6 /* iosAppMerchant */ = {
			isa = PBXNativeTarget;
			buildConfigurationList = 74C5D1EB2787F66800B233A6 /* Build configuration list for PBXNativeTarget "iosAppMerchant" */;
			buildPhases = (
				74C5D1BE2787F66500B233A6 /* Sources */,
				74C5D1BF2787F66500B233A6 /* Frameworks */,
				74C5D1C02787F66500B233A6 /* Resources */,
			);
			buildRules = (
			);
			dependencies = (
			);
			name = iosAppMerchant;
			productName = iosAppMerchant;
			productReference = 74C5D1C22787F66500B233A6 /* iosAppMerchant.app */;
			productType = "com.apple.product-type.application";
		};
		74C5D1D62787F66800B233A6 /* iosAppMerchantTests */ = {
			isa = PBXNativeTarget;
			buildConfigurationList = 74C5D1EE2787F66800B233A6 /* Build configuration list for PBXNativeTarget "iosAppMerchantTests" */;
			buildPhases = (
				74C5D1D32787F66800B233A6 /* Sources */,
				74C5D1D42787F66800B233A6 /* Frameworks */,
				74C5D1D52787F66800B233A6 /* Resources */,
			);
			buildRules = (
			);
			dependencies = (
				74C5D1D92787F66800B233A6 /* PBXTargetDependency */,
			);
			name = iosAppMerchantTests;
			productName = iosAppMerchantTests;
			productReference = 74C5D1D72787F66800B233A6 /* iosAppMerchantTests.xctest */;
			productType = "com.apple.product-type.bundle.unit-test";
		};
		74C5D1E02787F66800B233A6 /* iosAppMerchantUITests */ = {
			isa = PBXNativeTarget;
			buildConfigurationList = 74C5D1F12787F66800B233A6 /* Build configuration list for PBXNativeTarget "iosAppMerchantUITests" */;
			buildPhases = (
				74C5D1DD2787F66800B233A6 /* Sources */,
				74C5D1DE2787F66800B233A6 /* Frameworks */,
				74C5D1DF2787F66800B233A6 /* Resources */,
			);
			buildRules = (
			);
			dependencies = (
				74C5D1E32787F66800B233A6 /* PBXTargetDependency */,
			);
			name = iosAppMerchantUITests;
			productName = iosAppMerchantUITests;
			productReference = 74C5D1E12787F66800B233A6 /* iosAppMerchantUITests.xctest */;
			productType = "com.apple.product-type.bundle.ui-testing";
		};
/* End PBXNativeTarget section */

/* Begin PBXProject section */
		74C5D1BA2787F66500B233A6 /* Project object */ = {
			isa = PBXProject;
			attributes = {
				BuildIndependentTargetsInParallel = 1;
				LastSwiftUpdateCheck = 1310;
				LastUpgradeCheck = 1310;
				TargetAttributes = {
					74C5D1C12787F66500B233A6 = {
						CreatedOnToolsVersion = 13.1;
					};
					74C5D1D62787F66800B233A6 = {
						CreatedOnToolsVersion = 13.1;
						TestTargetID = 74C5D1C12787F66500B233A6;
					};
					74C5D1E02787F66800B233A6 = {
						CreatedOnToolsVersion = 13.1;
						TestTargetID = 74C5D1C12787F66500B233A6;
					};
				};
			};
			buildConfigurationList = 74C5D1BD2787F66500B233A6 /* Build configuration list for PBXProject "iosAppMerchant" */;
			compatibilityVersion = "Xcode 13.0";
			developmentRegion = en;
			hasScannedForEncodings = 0;
			knownRegions = (
				en,
				Base,
			);
			mainGroup = 74C5D1B92787F66500B233A6;
			productRefGroup = 74C5D1C32787F66500B233A6 /* Products */;
			projectDirPath = "";
			projectRoot = "";
			targets = (
				74C5D1C12787F66500B233A6 /* iosAppMerchant */,
				74C5D1D62787F66800B233A6 /* iosAppMerchantTests */,
				74C5D1E02787F66800B233A6 /* iosAppMerchantUITests */,
			);
		};
/* End PBXProject section */

/* Begin PBXResourcesBuildPhase section */
		74C5D1C02787F66500B233A6 /* Resources */ = {
			isa = PBXResourcesBuildPhase;
			buildActionMask = 2147483647;
			files = (
				74C5D1CD2787F66800B233A6 /* Preview Assets.xcassets in Resources */,
				74C5D1CA2787F66800B233A6 /* Assets.xcassets in Resources */,
			);
			runOnlyForDeploymentPostprocessing = 0;
		};
		74C5D1D52787F66800B233A6 /* Resources */ = {
			isa = PBXResourcesBuildPhase;
			buildActionMask = 2147483647;
			files = (
			);
			runOnlyForDeploymentPostprocessing = 0;
		};
		74C5D1DF2787F66800B233A6 /* Resources */ = {
			isa = PBXResourcesBuildPhase;
			buildActionMask = 2147483647;
			files = (
			);
			runOnlyForDeploymentPostprocessing = 0;
		};
/* End PBXResourcesBuildPhase section */

/* Begin PBXSourcesBuildPhase section */
		74C5D1BE2787F66500B233A6 /* Sources */ = {
			isa = PBXSourcesBuildPhase;
			buildActionMask = 2147483647;
			files = (
				74C5D1CF2787F66800B233A6 /* Persistence.swift in Sources */,
				74C5D1D22787F66800B233A6 /* iosAppMerchant.xcdatamodeld in Sources */,
				74C5D1C82787F66600B233A6 /* ContentView.swift in Sources */,
				74C5D1C62787F66600B233A6 /* iosAppMerchantApp.swift in Sources */,
			);
			runOnlyForDeploymentPostprocessing = 0;
		};
		74C5D1D32787F66800B233A6 /* Sources */ = {
			isa = PBXSourcesBuildPhase;
			buildActionMask = 2147483647;
			files = (
				74C5D1DC2787F66800B233A6 /* iosAppMerchantTests.swift in Sources */,
			);
			runOnlyForDeploymentPostprocessing = 0;
		};
		74C5D1DD2787F66800B233A6 /* Sources */ = {
			isa = PBXSourcesBuildPhase;
			buildActionMask = 2147483647;
			files = (
				74C5D1E82787F66800B233A6 /* iosAppMerchantUITestsLaunchTests.swift in Sources */,
				74C5D1E62787F66800B233A6 /* iosAppMerchantUITests.swift in Sources */,
			);
			runOnlyForDeploymentPostprocessing = 0;
		};
/* End PBXSourcesBuildPhase section */

/* Begin PBXTargetDependency section */
		74C5D1D92787F66800B233A6 /* PBXTargetDependency */ = {
			isa = PBXTargetDependency;
			target = 74C5D1C12787F66500B233A6 /* iosAppMerchant */;
			targetProxy = 74C5D1D82787F66800B233A6 /* PBXContainerItemProxy */;
		};
		74C5D1E32787F66800B233A6 /* PBXTargetDependency */ = {
			isa = PBXTargetDependency;
			target = 74C5D1C12787F66500B233A6 /* iosAppMerchant */;
			targetProxy = 74C5D1E22787F66800B233A6 /* PBXContainerItemProxy */;
		};
/* End PBXTargetDependency section */

/* Begin XCBuildConfiguration section */
		74C5D1E92787F66800B233A6 /* Debug */ = {
			isa = XCBuildConfiguration;
			buildSettings = {
				ALWAYS_SEARCH_USER_PATHS = NO;
				CLANG_ANALYZER_NONNULL = YES;
				CLANG_ANALYZER_NUMBER_OBJECT_CONVERSION = YES_AGGRESSIVE;
				CLANG_CXX_LANGUAGE_STANDARD = "gnu++17";
				CLANG_CXX_LIBRARY = "libc++";
				CLANG_ENABLE_MODULES = YES;
				CLANG_ENABLE_OBJC_ARC = YES;
				CLANG_ENABLE_OBJC_WEAK = YES;
				CLANG_WARN_BLOCK_CAPTURE_AUTORELEASING = YES;
				CLANG_WARN_BOOL_CONVERSION = YES;
				CLANG_WARN_COMMA = YES;
				CLANG_WARN_CONSTANT_CONVERSION = YES;
				CLANG_WARN_DEPRECATED_OBJC_IMPLEMENTATIONS = YES;
				CLANG_WARN_DIRECT_OBJC_ISA_USAGE = YES_ERROR;
				CLANG_WARN_DOCUMENTATION_COMMENTS = YES;
				CLANG_WARN_EMPTY_BODY = YES;
				CLANG_WARN_ENUM_CONVERSION = YES;
				CLANG_WARN_INFINITE_RECURSION = YES;
				CLANG_WARN_INT_CONVERSION = YES;
				CLANG_WARN_NON_LITERAL_NULL_CONVERSION = YES;
				CLANG_WARN_OBJC_IMPLICIT_RETAIN_SELF = YES;
				CLANG_WARN_OBJC_LITERAL_CONVERSION = YES;
				CLANG_WARN_OBJC_ROOT_CLASS = YES_ERROR;
				CLANG_WARN_QUOTED_INCLUDE_IN_FRAMEWORK_HEADER = YES;
				CLANG_WARN_RANGE_LOOP_ANALYSIS = YES;
				CLANG_WARN_STRICT_PROTOTYPES = YES;
				CLANG_WARN_SUSPICIOUS_MOVE = YES;
				CLANG_WARN_UNGUARDED_AVAILABILITY = YES_AGGRESSIVE;
				CLANG_WARN_UNREACHABLE_CODE = YES;
				CLANG_WARN__DUPLICATE_METHOD_MATCH = YES;
				COPY_PHASE_STRIP = NO;
				DEBUG_INFORMATION_FORMAT = dwarf;
				ENABLE_STRICT_OBJC_MSGSEND = YES;
				ENABLE_TESTABILITY = YES;
				GCC_C_LANGUAGE_STANDARD = gnu11;
				GCC_DYNAMIC_NO_PIC = NO;
				GCC_NO_COMMON_BLOCKS = YES;
				GCC_OPTIMIZATION_LEVEL = 0;
				GCC_PREPROCESSOR_DEFINITIONS = (
					"DEBUG=1",
					"$(inherited)",
				);
				GCC_WARN_64_TO_32_BIT_CONVERSION = YES;
				GCC_WARN_ABOUT_RETURN_TYPE = YES_ERROR;
				GCC_WARN_UNDECLARED_SELECTOR = YES;
				GCC_WARN_UNINITIALIZED_AUTOS = YES_AGGRESSIVE;
				GCC_WARN_UNUSED_FUNCTION = YES;
				GCC_WARN_UNUSED_VARIABLE = YES;
				IPHONEOS_DEPLOYMENT_TARGET = 15.0;
				MTL_ENABLE_DEBUG_INFO = INCLUDE_SOURCE;
				MTL_FAST_MATH = YES;
				ONLY_ACTIVE_ARCH = YES;
				SDKROOT = iphoneos;
				SWIFT_ACTIVE_COMPILATION_CONDITIONS = DEBUG;
				SWIFT_OPTIMIZATION_LEVEL = "-Onone";
			};
			name = Debug;
		};
		74C5D1EA2787F66800B233A6 /* Release */ = {
			isa = XCBuildConfiguration;
			buildSettings = {
				ALWAYS_SEARCH_USER_PATHS = NO;
				CLANG_ANALYZER_NONNULL = YES;
				CLANG_ANALYZER_NUMBER_OBJECT_CONVERSION = YES_AGGRESSIVE;
				CLANG_CXX_LANGUAGE_STANDARD = "gnu++17";
				CLANG_CXX_LIBRARY = "libc++";
				CLANG_ENABLE_MODULES = YES;
				CLANG_ENABLE_OBJC_ARC = YES;
				CLANG_ENABLE_OBJC_WEAK = YES;
				CLANG_WARN_BLOCK_CAPTURE_AUTORELEASING = YES;
				CLANG_WARN_BOOL_CONVERSION = YES;
				CLANG_WARN_COMMA = YES;
				CLANG_WARN_CONSTANT_CONVERSION = YES;
				CLANG_WARN_DEPRECATED_OBJC_IMPLEMENTATIONS = YES;
				CLANG_WARN_DIRECT_OBJC_ISA_USAGE = YES_ERROR;
				CLANG_WARN_DOCUMENTATION_COMMENTS = YES;
				CLANG_WARN_EMPTY_BODY = YES;
				CLANG_WARN_ENUM_CONVERSION = YES;
				CLANG_WARN_INFINITE_RECURSION = YES;
				CLANG_WARN_INT_CONVERSION = YES;
				CLANG_WARN_NON_LITERAL_NULL_CONVERSION = YES;
				CLANG_WARN_OBJC_IMPLICIT_RETAIN_SELF = YES;
				CLANG_WARN_OBJC_LITERAL_CONVERSION = YES;
				CLANG_WARN_OBJC_ROOT_CLASS = YES_ERROR;
				CLANG_WARN_QUOTED_INCLUDE_IN_FRAMEWORK_HEADER = YES;
				CLANG_WARN_RANGE_LOOP_ANALYSIS = YES;
				CLANG_WARN_STRICT_PROTOTYPES = YES;
				CLANG_WARN_SUSPICIOUS_MOVE = YES;
				CLANG_WARN_UNGUARDED_AVAILABILITY = YES_AGGRESSIVE;
				CLANG_WARN_UNREACHABLE_CODE = YES;
				CLANG_WARN__DUPLICATE_METHOD_MATCH = YES;
				COPY_PHASE_STRIP = NO;
				DEBUG_INFORMATION_FORMAT = "dwarf-with-dsym";
				ENABLE_NS_ASSERTIONS = NO;
				ENABLE_STRICT_OBJC_MSGSEND = YES;
				GCC_C_LANGUAGE_STANDARD = gnu11;
				GCC_NO_COMMON_BLOCKS = YES;
				GCC_WARN_64_TO_32_BIT_CONVERSION = YES;
				GCC_WARN_ABOUT_RETURN_TYPE = YES_ERROR;
				GCC_WARN_UNDECLARED_SELECTOR = YES;
				GCC_WARN_UNINITIALIZED_AUTOS = YES_AGGRESSIVE;
				GCC_WARN_UNUSED_FUNCTION = YES;
				GCC_WARN_UNUSED_VARIABLE = YES;
				IPHONEOS_DEPLOYMENT_TARGET = 15.0;
				MTL_ENABLE_DEBUG_INFO = NO;
				MTL_FAST_MATH = YES;
				SDKROOT = iphoneos;
				SWIFT_COMPILATION_MODE = wholemodule;
				SWIFT_OPTIMIZATION_LEVEL = "-O";
				VALIDATE_PRODUCT = YES;
			};
			name = Release;
		};
		74C5D1EC2787F66800B233A6 /* Debug */ = {
			isa = XCBuildConfiguration;
			buildSettings = {
				ASSETCATALOG_COMPILER_APPICON_NAME = AppIcon;
				ASSETCATALOG_COMPILER_GLOBAL_ACCENT_COLOR_NAME = AccentColor;
				CODE_SIGN_STYLE = Automatic;
				CURRENT_PROJECT_VERSION = 1;
				DEVELOPMENT_ASSET_PATHS = "\"iosAppMerchant/Preview Content\"";
				DEVELOPMENT_TEAM = L722AN6U6Z;
				ENABLE_PREVIEWS = YES;
				GENERATE_INFOPLIST_FILE = YES;
				INFOPLIST_KEY_UIApplicationSceneManifest_Generation = YES;
				INFOPLIST_KEY_UIApplicationSupportsIndirectInputEvents = YES;
				INFOPLIST_KEY_UILaunchScreen_Generation = YES;
				INFOPLIST_KEY_UISupportedInterfaceOrientations_iPad = "UIInterfaceOrientationPortrait UIInterfaceOrientationPortraitUpsideDown UIInterfaceOrientationLandscapeLeft UIInterfaceOrientationLandscapeRight";
				INFOPLIST_KEY_UISupportedInterfaceOrientations_iPhone = "UIInterfaceOrientationPortrait UIInterfaceOrientationLandscapeLeft UIInterfaceOrientationLandscapeRight";
				LD_RUNPATH_SEARCH_PATHS = (
					"$(inherited)",
					"@executable_path/Frameworks",
				);
				MARKETING_VERSION = 1.0;
				PRODUCT_BUNDLE_IDENTIFIER = voduyanh.iosAppMerchant;
				PRODUCT_NAME = "$(TARGET_NAME)";
				SWIFT_EMIT_LOC_STRINGS = YES;
				SWIFT_VERSION = 5.0;
				TARGETED_DEVICE_FAMILY = "1,2";
			};
			name = Debug;
		};
		74C5D1ED2787F66800B233A6 /* Release */ = {
			isa = XCBuildConfiguration;
			buildSettings = {
				ASSETCATALOG_COMPILER_APPICON_NAME = AppIcon;
				ASSETCATALOG_COMPILER_GLOBAL_ACCENT_COLOR_NAME = AccentColor;
				CODE_SIGN_STYLE = Automatic;
				CURRENT_PROJECT_VERSION = 1;
				DEVELOPMENT_ASSET_PATHS = "\"iosAppMerchant/Preview Content\"";
				DEVELOPMENT_TEAM = L722AN6U6Z;
				ENABLE_PREVIEWS = YES;
				GENERATE_INFOPLIST_FILE = YES;
				INFOPLIST_KEY_UIApplicationSceneManifest_Generation = YES;
				INFOPLIST_KEY_UIApplicationSupportsIndirectInputEvents = YES;
				INFOPLIST_KEY_UILaunchScreen_Generation = YES;
				INFOPLIST_KEY_UISupportedInterfaceOrientations_iPad = "UIInterfaceOrientationPortrait UIInterfaceOrientationPortraitUpsideDown UIInterfaceOrientationLandscapeLeft UIInterfaceOrientationLandscapeRight";
				INFOPLIST_KEY_UISupportedInterfaceOrientations_iPhone = "UIInterfaceOrientationPortrait UIInterfaceOrientationLandscapeLeft UIInterfaceOrientationLandscapeRight";
				LD_RUNPATH_SEARCH_PATHS = (
					"$(inherited)",
					"@executable_path/Frameworks",
				);
				MARKETING_VERSION = 1.0;
				PRODUCT_BUNDLE_IDENTIFIER = voduyanh.iosAppMerchant;
				PRODUCT_NAME = "$(TARGET_NAME)";
				SWIFT_EMIT_LOC_STRINGS = YES;
				SWIFT_VERSION = 5.0;
				TARGETED_DEVICE_FAMILY = "1,2";
			};
			name = Release;
		};
		74C5D1EF2787F66800B233A6 /* Debug */ = {
			isa = XCBuildConfiguration;
			buildSettings = {
				ALWAYS_EMBED_SWIFT_STANDARD_LIBRARIES = YES;
				BUNDLE_LOADER = "$(TEST_HOST)";
				CODE_SIGN_STYLE = Automatic;
				CURRENT_PROJECT_VERSION = 1;
				DEVELOPMENT_TEAM = L722AN6U6Z;
				GENERATE_INFOPLIST_FILE = YES;
				IPHONEOS_DEPLOYMENT_TARGET = 15.0;
				LD_RUNPATH_SEARCH_PATHS = (
					"$(inherited)",
					"@executable_path/Frameworks",
					"@loader_path/Frameworks",
				);
				MARKETING_VERSION = 1.0;
				PRODUCT_BUNDLE_IDENTIFIER = voduyanh.iosAppMerchantTests;
				PRODUCT_NAME = "$(TARGET_NAME)";
				SWIFT_EMIT_LOC_STRINGS = NO;
				SWIFT_VERSION = 5.0;
				TARGETED_DEVICE_FAMILY = "1,2";
				TEST_HOST = "$(BUILT_PRODUCTS_DIR)/iosAppMerchant.app/iosAppMerchant";
			};
			name = Debug;
		};
		74C5D1F02787F66800B233A6 /* Release */ = {
			isa = XCBuildConfiguration;
			buildSettings = {
				ALWAYS_EMBED_SWIFT_STANDARD_LIBRARIES = YES;
				BUNDLE_LOADER = "$(TEST_HOST)";
				CODE_SIGN_STYLE = Automatic;
				CURRENT_PROJECT_VERSION = 1;
				DEVELOPMENT_TEAM = L722AN6U6Z;
				GENERATE_INFOPLIST_FILE = YES;
				IPHONEOS_DEPLOYMENT_TARGET = 15.0;
				LD_RUNPATH_SEARCH_PATHS = (
					"$(inherited)",
					"@executable_path/Frameworks",
					"@loader_path/Frameworks",
				);
				MARKETING_VERSION = 1.0;
				PRODUCT_BUNDLE_IDENTIFIER = voduyanh.iosAppMerchantTests;
				PRODUCT_NAME = "$(TARGET_NAME)";
				SWIFT_EMIT_LOC_STRINGS = NO;
				SWIFT_VERSION = 5.0;
				TARGETED_DEVICE_FAMILY = "1,2";
				TEST_HOST = "$(BUILT_PRODUCTS_DIR)/iosAppMerchant.app/iosAppMerchant";
			};
			name = Release;
		};
		74C5D1F22787F66800B233A6 /* Debug */ = {
			isa = XCBuildConfiguration;
			buildSettings = {
				ALWAYS_EMBED_SWIFT_STANDARD_LIBRARIES = YES;
				CODE_SIGN_STYLE = Automatic;
				CURRENT_PROJECT_VERSION = 1;
				DEVELOPMENT_TEAM = L722AN6U6Z;
				GENERATE_INFOPLIST_FILE = YES;
				LD_RUNPATH_SEARCH_PATHS = (
					"$(inherited)",
					"@executable_path/Frameworks",
					"@loader_path/Frameworks",
				);
				MARKETING_VERSION = 1.0;
				PRODUCT_BUNDLE_IDENTIFIER = voduyanh.iosAppMerchantUITests;
				PRODUCT_NAME = "$(TARGET_NAME)";
				SWIFT_EMIT_LOC_STRINGS = NO;
				SWIFT_VERSION = 5.0;
				TARGETED_DEVICE_FAMILY = "1,2";
				TEST_TARGET_NAME = iosAppMerchant;
			};
			name = Debug;
		};
		74C5D1F32787F66800B233A6 /* Release */ = {
			isa = XCBuildConfiguration;
			buildSettings = {
				ALWAYS_EMBED_SWIFT_STANDARD_LIBRARIES = YES;
				CODE_SIGN_STYLE = Automatic;
				CURRENT_PROJECT_VERSION = 1;
				DEVELOPMENT_TEAM = L722AN6U6Z;
				GENERATE_INFOPLIST_FILE = YES;
				LD_RUNPATH_SEARCH_PATHS = (
					"$(inherited)",
					"@executable_path/Frameworks",
					"@loader_path/Frameworks",
				);
				MARKETING_VERSION = 1.0;
				PRODUCT_BUNDLE_IDENTIFIER = voduyanh.iosAppMerchantUITests;
				PRODUCT_NAME = "$(TARGET_NAME)";
				SWIFT_EMIT_LOC_STRINGS = NO;
				SWIFT_VERSION = 5.0;
				TARGETED_DEVICE_FAMILY = "1,2";
				TEST_TARGET_NAME = iosAppMerchant;
			};
			name = Release;
		};
/* End XCBuildConfiguration section */

/* Begin XCConfigurationList section */
		74C5D1BD2787F66500B233A6 /* Build configuration list for PBXProject "iosAppMerchant" */ = {
			isa = XCConfigurationList;
			buildConfigurations = (
				74C5D1E92787F66800B233A6 /* Debug */,
				74C5D1EA2787F66800B233A6 /* Release */,
			);
			defaultConfigurationIsVisible = 0;
			defaultConfigurationName = Release;
		};
		74C5D1EB2787F66800B233A6 /* Build configuration list for PBXNativeTarget "iosAppMerchant" */ = {
			isa = XCConfigurationList;
			buildConfigurations = (
				74C5D1EC2787F66800B233A6 /* Debug */,
				74C5D1ED2787F66800B233A6 /* Release */,
			);
			defaultConfigurationIsVisible = 0;
			defaultConfigurationName = Release;
		};
		74C5D1EE2787F66800B233A6 /* Build configuration list for PBXNativeTarget "iosAppMerchantTests" */ = {
			isa = XCConfigurationList;
			buildConfigurations = (
				74C5D1EF2787F66800B233A6 /* Debug */,
				74C5D1F02787F66800B233A6 /* Release */,
			);
			defaultConfigurationIsVisible = 0;
			defaultConfigurationName = Release;
		};
		74C5D1F12787F66800B233A6 /* Build configuration list for PBXNativeTarget "iosAppMerchantUITests" */ = {
			isa = XCConfigurationList;
			buildConfigurations = (
				74C5D1F22787F66800B233A6 /* Debug */,
				74C5D1F32787F66800B233A6 /* Release */,
			);
			defaultConfigurationIsVisible = 0;
			defaultConfigurationName = Release;
		};
/* End XCConfigurationList section */

/* Begin XCVersionGroup section */
		74C5D1D02787F66800B233A6 /* iosAppMerchant.xcdatamodeld */ = {
			isa = XCVersionGroup;
			children = (
				74C5D1D12787F66800B233A6 /* iosAppMerchant.xcdatamodel */,
			);
			currentVersion = 74C5D1D12787F66800B233A6 /* iosAppMerchant.xcdatamodel */;
			path = iosAppMerchant.xcdatamodeld;
			sourceTree = "<group>";
			versionGroupType = wrapper.xcdatamodel;
		};
/* End XCVersionGroup section */
	};
	rootObject = 74C5D1BA2787F66500B233A6 /* Project object */;
}
